
Microsoft Visual Studio Solution File, Format Version 12.00
# Visual Studio 15
VisualStudioVersion = 15.0.28307.757
MinimumVisualStudioVersion = 10.0.40219.1
Project("{FAE04EC0-301F-11D3-BF4B-00C04F79EFBC}") = "Locação", "Locação\Locação.csproj", "{9CAF48CA-3751-453F-BA86-5BE7B4843501}"
EndProject
Global
	GlobalSection(SolutionConfigurationPlatforms) = preSolution
		Debug|Any CPU = Debug|Any CPU
		Release|Any CPU = Release|Any CPU
	EndGlobalSection
	GlobalSection(ProjectConfigurationPlatforms) = postSolution
		{9CAF48CA-3751-453F-BA86-5BE7B4843501}.Debug|Any CPU.ActiveCfg = Debug|Any CPU
		{9CAF48CA-3751-453F-BA86-5BE7B4843501}.Debug|Any CPU.Build.0 = Debug|Any CPU
		{9CAF48CA-3751-453F-BA86-5BE7B4843501}.Release|Any CPU.ActiveCfg = Release|Any CPU
		{9CAF48CA-3751-453F-BA86-5BE7B4843501}.Release|Any CPU.Build.0 = Release|Any CPU
	EndGlobalSection
	GlobalSection(SolutionProperties) = preSolution
		HideSolutionNode = FALSE
	EndGlobalSection
	GlobalSection(ExtensibilityGlobals) = postSolution
		SolutionGuid = {B31BC63B-7B00-4722-A2DA-90E9F9710DEC}
	EndGlobalSection
EndGlobal
